
Microsoft Visual Studio Solution File, Format Version 12.00
# Visual Studio Version 16
VisualStudioVersion = 16.0.30204.135
MinimumVisualStudioVersion = 10.0.40219.1
Project("{FAE04EC0-301F-11D3-BF4B-00C04F79EFBC}") = "GameWebapp", "GameWebapp.csproj", "{F5BFB4F4-8779-4119-9B97-EA233C786E49}"
EndProject
Global
	GlobalSection(SolutionConfigurationPlatforms) = preSolution
		Debug|Any CPU = Debug|Any CPU
		Release|Any CPU = Release|Any CPU
	EndGlobalSection
	GlobalSection(ProjectConfigurationPlatforms) = postSolution
		{F5BFB4F4-8779-4119-9B97-EA233C786E49}.Debug|Any CPU.ActiveCfg = Debug|Any CPU
		{F5BFB4F4-8779-4119-9B97-EA233C786E49}.Debug|Any CPU.Build.0 = Debug|Any CPU
		{F5BFB4F4-8779-4119-9B97-EA233C786E49}.Release|Any CPU.ActiveCfg = Release|Any CPU
		{F5BFB4F4-8779-4119-9B97-EA233C786E49}.Release|Any CPU.Build.0 = Release|Any CPU
	EndGlobalSection
	GlobalSection(SolutionProperties) = preSolution
		HideSolutionNode = FALSE
	EndGlobalSection
	GlobalSection(ExtensibilityGlobals) = postSolution
		SolutionGuid = {54433D9F-8B53-45F1-B8EE-F5F3E1FE9338}
	EndGlobalSection
EndGlobal
